
Microsoft Visual Studio Solution File, Format Version 12.00
# Visual Studio 15
VisualStudioVersion = 15.0.28307.757
MinimumVisualStudioVersion = 10.0.40219.1
Project("{9A19103F-16F7-4668-BE54-9A1E7A4F7556}") = "TrendyolCaseStudy.Console", "TrendyolCaseStudy\TrendyolCaseStudy.Console.csproj", "{0DDF547F-CD9D-4241-856D-D50BCF539204}"
EndProject
Project("{FAE04EC0-301F-11D3-BF4B-00C04F79EFBC}") = "TrendyolCaseStudy.Main", "TrendyolCaseStudy.Main\TrendyolCaseStudy.Main.csproj", "{FE7AFC63-0593-4568-81D3-E7CA6D50659E}"
EndProject
Project("{FAE04EC0-301F-11D3-BF4B-00C04F79EFBC}") = "TrendyolCaseStudy.Unit.Test", "TrendyolCaseStudy.Unit.Test\TrendyolCaseStudy.Unit.Test.csproj", "{A9273A51-E450-47F4-9AD0-536B7A5CE5A1}"
EndProject
Global
	GlobalSection(SolutionConfigurationPlatforms) = preSolution
		Debug|Any CPU = Debug|Any CPU
		Release|Any CPU = Release|Any CPU
	EndGlobalSection
	GlobalSection(ProjectConfigurationPlatforms) = postSolution
		{0DDF547F-CD9D-4241-856D-D50BCF539204}.Debug|Any CPU.ActiveCfg = Debug|Any CPU
		{0DDF547F-CD9D-4241-856D-D50BCF539204}.Debug|Any CPU.Build.0 = Debug|Any CPU
		{0DDF547F-CD9D-4241-856D-D50BCF539204}.Release|Any CPU.ActiveCfg = Release|Any CPU
		{0DDF547F-CD9D-4241-856D-D50BCF539204}.Release|Any CPU.Build.0 = Release|Any CPU
		{FE7AFC63-0593-4568-81D3-E7CA6D50659E}.Debug|Any CPU.ActiveCfg = Debug|Any CPU
		{FE7AFC63-0593-4568-81D3-E7CA6D50659E}.Debug|Any CPU.Build.0 = Debug|Any CPU
		{FE7AFC63-0593-4568-81D3-E7CA6D50659E}.Release|Any CPU.ActiveCfg = Release|Any CPU
		{FE7AFC63-0593-4568-81D3-E7CA6D50659E}.Release|Any CPU.Build.0 = Release|Any CPU
		{A9273A51-E450-47F4-9AD0-536B7A5CE5A1}.Debug|Any CPU.ActiveCfg = Debug|Any CPU
		{A9273A51-E450-47F4-9AD0-536B7A5CE5A1}.Debug|Any CPU.Build.0 = Debug|Any CPU
		{A9273A51-E450-47F4-9AD0-536B7A5CE5A1}.Release|Any CPU.ActiveCfg = Release|Any CPU
		{A9273A51-E450-47F4-9AD0-536B7A5CE5A1}.Release|Any CPU.Build.0 = Release|Any CPU
	EndGlobalSection
	GlobalSection(SolutionProperties) = preSolution
		HideSolutionNode = FALSE
	EndGlobalSection
	GlobalSection(ExtensibilityGlobals) = postSolution
		SolutionGuid = {A7C77128-2FB8-4659-82E5-7CC11E3A0308}
	EndGlobalSection
EndGlobal
